{
  "name": "3Portfolio",
  "lockfileVersion": 2,
  "requires": true,
  "packages": {
    "": {
      "dependencies": {
        "gsap": "^3.11.4",
        "tween": "^0.9.0"
      }
    },
    "node_modules/gsap": {
      "version": "3.11.4",
      "resolved": "https://registry.npmjs.org/gsap/-/gsap-3.11.4.tgz",
      "integrity": "sha512-McHhEguHyExMMnjqKA8G+7TvxmlKQGMbjgwAilnFe1e4id7V/tFveRQ2YMZhTYu0oxHGWvbPltdVYQOu3z1SCA=="
    },
    "node_modules/tween": {
      "version": "0.9.0",
      "resolved": "https://registry.npmjs.org/tween/-/tween-0.9.0.tgz",
      "integrity": "sha512-/Wpqy/fkHzp8VJ0kh52Lssett+5o1X6XaLLZIDFI4Biuk6GEgyGZPihq1zNR9wjj+PcgYCPheV5gxMXyKgtZsw==",
      "deprecated": "Use official tween.js package"
    }
  },
  "dependencies": {
    "gsap": {
      "version": "3.11.4",
      "resolved": "https://registry.npmjs.org/gsap/-/gsap-3.11.4.tgz",
      "integrity": "sha512-McHhEguHyExMMnjqKA8G+7TvxmlKQGMbjgwAilnFe1e4id7V/tFveRQ2YMZhTYu0oxHGWvbPltdVYQOu3z1SCA=="
    },
    "tween": {
      "version": "0.9.0",
      "resolved": "https://registry.npmjs.org/tween/-/tween-0.9.0.tgz",
      "integrity": "sha512-/Wpqy/fkHzp8VJ0kh52Lssett+5o1X6XaLLZIDFI4Biuk6GEgyGZPihq1zNR9wjj+PcgYCPheV5gxMXyKgtZsw=="
    }
  }
}
